
Microsoft Visual Studio Solution File, Format Version 12.00
# Visual Studio 15
VisualStudioVersion = 15.0.28010.2050
MinimumVisualStudioVersion = 10.0.40219.1
Project("{FAE04EC0-301F-11D3-BF4B-00C04F79EFBC}") = "CabynetPro.Web", "CabynetPro.Web\CabynetPro.Web.csproj", "{539CDE46-0561-491D-8708-B76063E0798A}"
EndProject
Project("{FAE04EC0-301F-11D3-BF4B-00C04F79EFBC}") = "CabynetPro.EnumLibrary", "CabynetPro.EnumLibrary\CabynetPro.EnumLibrary.csproj", "{1EDDB7FB-EFB7-4654-9EF4-183DF9818019}"
EndProject
Project("{FAE04EC0-301F-11D3-BF4B-00C04F79EFBC}") = "CabynetPro.Core", "CabynetPro.Core\CabynetPro.Core.csproj", "{97EB8B3D-FAC1-4633-92D1-B57EFBF11B4D}"
EndProject
Project("{00D1A9C2-B5F0-4AF3-8072-F6C62B433612}") = "CabynetPro.Database", "CabynetPro.Database\CabynetPro.Database.sqlproj", "{5782A9A6-F48F-4F6A-BDB0-927BA20F18AE}"
EndProject
Global
	GlobalSection(SolutionConfigurationPlatforms) = preSolution
		Debug|Any CPU = Debug|Any CPU
		Release|Any CPU = Release|Any CPU
	EndGlobalSection
	GlobalSection(ProjectConfigurationPlatforms) = postSolution
		{539CDE46-0561-491D-8708-B76063E0798A}.Debug|Any CPU.ActiveCfg = Debug|Any CPU
		{539CDE46-0561-491D-8708-B76063E0798A}.Debug|Any CPU.Build.0 = Debug|Any CPU
		{539CDE46-0561-491D-8708-B76063E0798A}.Release|Any CPU.ActiveCfg = Release|Any CPU
		{539CDE46-0561-491D-8708-B76063E0798A}.Release|Any CPU.Build.0 = Release|Any CPU
		{1EDDB7FB-EFB7-4654-9EF4-183DF9818019}.Debug|Any CPU.ActiveCfg = Debug|Any CPU
		{1EDDB7FB-EFB7-4654-9EF4-183DF9818019}.Debug|Any CPU.Build.0 = Debug|Any CPU
		{1EDDB7FB-EFB7-4654-9EF4-183DF9818019}.Release|Any CPU.ActiveCfg = Release|Any CPU
		{1EDDB7FB-EFB7-4654-9EF4-183DF9818019}.Release|Any CPU.Build.0 = Release|Any CPU
		{97EB8B3D-FAC1-4633-92D1-B57EFBF11B4D}.Debug|Any CPU.ActiveCfg = Debug|Any CPU
		{97EB8B3D-FAC1-4633-92D1-B57EFBF11B4D}.Debug|Any CPU.Build.0 = Debug|Any CPU
		{97EB8B3D-FAC1-4633-92D1-B57EFBF11B4D}.Release|Any CPU.ActiveCfg = Release|Any CPU
		{97EB8B3D-FAC1-4633-92D1-B57EFBF11B4D}.Release|Any CPU.Build.0 = Release|Any CPU
		{5782A9A6-F48F-4F6A-BDB0-927BA20F18AE}.Debug|Any CPU.ActiveCfg = Debug|Any CPU
		{5782A9A6-F48F-4F6A-BDB0-927BA20F18AE}.Debug|Any CPU.Build.0 = Debug|Any CPU
		{5782A9A6-F48F-4F6A-BDB0-927BA20F18AE}.Debug|Any CPU.Deploy.0 = Debug|Any CPU
		{5782A9A6-F48F-4F6A-BDB0-927BA20F18AE}.Release|Any CPU.ActiveCfg = Release|Any CPU
		{5782A9A6-F48F-4F6A-BDB0-927BA20F18AE}.Release|Any CPU.Build.0 = Release|Any CPU
		{5782A9A6-F48F-4F6A-BDB0-927BA20F18AE}.Release|Any CPU.Deploy.0 = Release|Any CPU
	EndGlobalSection
	GlobalSection(SolutionProperties) = preSolution
		HideSolutionNode = FALSE
	EndGlobalSection
	GlobalSection(ExtensibilityGlobals) = postSolution
		SolutionGuid = {7BDC1B24-8D74-489F-B506-A76E906778B7}
	EndGlobalSection
EndGlobal
